
Microsoft Visual Studio Solution File, Format Version 12.00
# Visual Studio Version 17
VisualStudioVersion = 17.4.33205.214
MinimumVisualStudioVersion = 10.0.40219.1
Project("{8BC9CEB8-8B4A-11D0-8D11-00A0C91BC942}") = "ex1", "ex1\ex1.vcxproj", "{49B727A4-C80E-46A9-A9C5-C9ADDE7B5E3B}"
EndProject
Global
	GlobalSection(SolutionConfigurationPlatforms) = preSolution
		Debug|x64 = Debug|x64
		Debug|x86 = Debug|x86
		Release|x64 = Release|x64
		Release|x86 = Release|x86
	EndGlobalSection
	GlobalSection(ProjectConfigurationPlatforms) = postSolution
		{49B727A4-C80E-46A9-A9C5-C9ADDE7B5E3B}.Debug|x64.ActiveCfg = Debug|x64
		{49B727A4-C80E-46A9-A9C5-C9ADDE7B5E3B}.Debug|x64.Build.0 = Debug|x64
		{49B727A4-C80E-46A9-A9C5-C9ADDE7B5E3B}.Debug|x86.ActiveCfg = Debug|Win32
		{49B727A4-C80E-46A9-A9C5-C9ADDE7B5E3B}.Debug|x86.Build.0 = Debug|Win32
		{49B727A4-C80E-46A9-A9C5-C9ADDE7B5E3B}.Release|x64.ActiveCfg = Release|x64
		{49B727A4-C80E-46A9-A9C5-C9ADDE7B5E3B}.Release|x64.Build.0 = Release|x64
		{49B727A4-C80E-46A9-A9C5-C9ADDE7B5E3B}.Release|x86.ActiveCfg = Release|Win32
		{49B727A4-C80E-46A9-A9C5-C9ADDE7B5E3B}.Release|x86.Build.0 = Release|Win32
	EndGlobalSection
	GlobalSection(SolutionProperties) = preSolution
		HideSolutionNode = FALSE
	EndGlobalSection
	GlobalSection(ExtensibilityGlobals) = postSolution
		SolutionGuid = {516CDB17-3477-43F9-B08D-B73EFABD7A0D}
	EndGlobalSection
EndGlobal
